// !$*UTF8*$!
{
	archiveVersion = 1;
	classes = {
	};
	objectVersion = 52;
	objects = {

/* Begin PBXBuildFile section */
		4917FCDE2679555C009C634E /* SnapKit in Frameworks */ = {isa = PBXBuildFile; productRef = 4917FCDD2679555C009C634E /* SnapKit */; };
		4917FCE3267955AF009C634E /* ViewController+Constraints.swift in Sources */ = {isa = PBXBuildFile; fileRef = 4917FCE2267955AF009C634E /* ViewController+Constraints.swift */; };
		49B4ADF22678ED0700DE8605 /* AppDelegate.swift in Sources */ = {isa = PBXBuildFile; fileRef = 49B4ADF12678ED0700DE8605 /* AppDelegate.swift */; };
		49B4ADF42678ED0700DE8605 /* SceneDelegate.swift in Sources */ = {isa = PBXBuildFile; fileRef = 49B4ADF32678ED0700DE8605 /* SceneDelegate.swift */; };
		49B4ADF62678ED0700DE8605 /* ViewController.swift in Sources */ = {isa = PBXBuildFile; fileRef = 49B4ADF52678ED0700DE8605 /* ViewController.swift */; };
		49B4ADF92678ED0700DE8605 /* Main.storyboard in Resources */ = {isa = PBXBuildFile; fileRef = 49B4ADF72678ED0700DE8605 /* Main.storyboard */; };
		49B4ADFB2678ED0900DE8605 /* Assets.xcassets in Resources */ = {isa = PBXBuildFile; fileRef = 49B4ADFA2678ED0900DE8605 /* Assets.xcassets */; };
		49B4ADFE2678ED0900DE8605 /* LaunchScreen.storyboard in Resources */ = {isa = PBXBuildFile; fileRef = 49B4ADFC2678ED0900DE8605 /* LaunchScreen.storyboard */; };
		49B4AE092678ED0900DE8605 /* FontDemoTests.swift in Sources */ = {isa = PBXBuildFile; fileRef = 49B4AE082678ED0900DE8605 /* FontDemoTests.swift */; };
		49B4AE142678ED0900DE8605 /* FontDemoUITests.swift in Sources */ = {isa = PBXBuildFile; fileRef = 49B4AE132678ED0900DE8605 /* FontDemoUITests.swift */; };
		49B4AE342678ED3400DE8605 /* OpenSans-SemiBold.ttf in Resources */ = {isa = PBXBuildFile; fileRef = 49B4AE292678ED3400DE8605 /* OpenSans-SemiBold.ttf */; };
		49B4AE352678ED3400DE8605 /* OpenSans-Light.ttf in Resources */ = {isa = PBXBuildFile; fileRef = 49B4AE2A2678ED3400DE8605 /* OpenSans-Light.ttf */; };
		49B4AE362678ED3400DE8605 /* OpenSans-Italic.ttf in Resources */ = {isa = PBXBuildFile; fileRef = 49B4AE2B2678ED3400DE8605 /* OpenSans-Italic.ttf */; };
		49B4AE372678ED3400DE8605 /* OpenSans-ExtraBold.ttf in Resources */ = {isa = PBXBuildFile; fileRef = 49B4AE2C2678ED3400DE8605 /* OpenSans-ExtraBold.ttf */; };
		49B4AE382678ED3400DE8605 /* OpenSans-LightItalic.ttf in Resources */ = {isa = PBXBuildFile; fileRef = 49B4AE2D2678ED3400DE8605 /* OpenSans-LightItalic.ttf */; };
		49B4AE392678ED3400DE8605 /* OpenSans-Bold.ttf in Resources */ = {isa = PBXBuildFile; fileRef = 49B4AE2E2678ED3400DE8605 /* OpenSans-Bold.ttf */; };
		49B4AE3A2678ED3400DE8605 /* OpenSans-SemiBoldItalic.ttf in Resources */ = {isa = PBXBuildFile; fileRef = 49B4AE2F2678ED3400DE8605 /* OpenSans-SemiBoldItalic.ttf */; };
		49B4AE3B2678ED3400DE8605 /* OpenSans-ExtraBoldItalic.ttf in Resources */ = {isa = PBXBuildFile; fileRef = 49B4AE302678ED3400DE8605 /* OpenSans-ExtraBoldItalic.ttf */; };
		49B4AE3C2678ED3400DE8605 /* LICENSE.txt in Resources */ = {isa = PBXBuildFile; fileRef = 49B4AE312678ED3400DE8605 /* LICENSE.txt */; };
		49B4AE3D2678ED3400DE8605 /* OpenSans-Regular.ttf in Resources */ = {isa = PBXBuildFile; fileRef = 49B4AE322678ED3400DE8605 /* OpenSans-Regular.ttf */; };
		49B4AE3E2678ED3400DE8605 /* OpenSans-BoldItalic.ttf in Resources */ = {isa = PBXBuildFile; fileRef = 49B4AE332678ED3400DE8605 /* OpenSans-BoldItalic.ttf */; };
		49B4AE432678F31300DE8605 /* Fonts.swift in Sources */ = {isa = PBXBuildFile; fileRef = 49B4AE422678F31300DE8605 /* Fonts.swift */; };
/* End PBXBuildFile section */

/* Begin PBXContainerItemProxy section */
		49B4AE052678ED0900DE8605 /* PBXContainerItemProxy */ = {
			isa = PBXContainerItemProxy;
			containerPortal = 49B4ADE62678ED0700DE8605 /* Project object */;
			proxyType = 1;
			remoteGlobalIDString = 49B4ADED2678ED0700DE8605;
			remoteInfo = FontDemo;
		};
		49B4AE102678ED0900DE8605 /* PBXContainerItemProxy */ = {
			isa = PBXContainerItemProxy;
			containerPortal = 49B4ADE62678ED0700DE8605 /* Project object */;
			proxyType = 1;
			remoteGlobalIDString = 49B4ADED2678ED0700DE8605;
			remoteInfo = FontDemo;
		};
/* End PBXContainerItemProxy section */

/* Begin PBXFileReference section */
		4917FCE2267955AF009C634E /* ViewController+Constraints.swift */ = {isa = PBXFileReference; lastKnownFileType = sourcecode.swift; path = "ViewController+Constraints.swift"; sourceTree = "<group>"; };
		49B4ADEE2678ED0700DE8605 /* FontDemo.app */ = {isa = PBXFileReference; explicitFileType = wrapper.application; includeInIndex = 0; path = FontDemo.app; sourceTree = BUILT_PRODUCTS_DIR; };
		49B4ADF12678ED0700DE8605 /* AppDelegate.swift */ = {isa = PBXFileReference; lastKnownFileType = sourcecode.swift; path = AppDelegate.swift; sourceTree = "<group>"; };
		49B4ADF32678ED0700DE8605 /* SceneDelegate.swift */ = {isa = PBXFileReference; lastKnownFileType = sourcecode.swift; path = SceneDelegate.swift; sourceTree = "<group>"; };
		49B4ADF52678ED0700DE8605 /* ViewController.swift */ = {isa = PBXFileReference; lastKnownFileType = sourcecode.swift; path = ViewController.swift; sourceTree = "<group>"; };
		49B4ADF82678ED0700DE8605 /* Base */ = {isa = PBXFileReference; lastKnownFileType = file.storyboard; name = Base; path = Base.lproj/Main.storyboard; sourceTree = "<group>"; };
		49B4ADFA2678ED0900DE8605 /* Assets.xcassets */ = {isa = PBXFileReference; lastKnownFileType = folder.assetcatalog; path = Assets.xcassets; sourceTree = "<group>"; };
		49B4ADFD2678ED0900DE8605 /* Base */ = {isa = PBXFileReference; lastKnownFileType = file.storyboard; name = Base; path = Base.lproj/LaunchScreen.storyboard; sourceTree = "<group>"; };
		49B4ADFF2678ED0900DE8605 /* Info.plist */ = {isa = PBXFileReference; lastKnownFileType = text.plist.xml; path = Info.plist; sourceTree = "<group>"; };
		49B4AE042678ED0900DE8605 /* FontDemoTests.xctest */ = {isa = PBXFileReference; explicitFileType = wrapper.cfbundle; includeInIndex = 0; path = FontDemoTests.xctest; sourceTree = BUILT_PRODUCTS_DIR; };
		49B4AE082678ED0900DE8605 /* FontDemoTests.swift */ = {isa = PBXFileReference; lastKnownFileType = sourcecode.swift; path = FontDemoTests.swift; sourceTree = "<group>"; };
		49B4AE0A2678ED0900DE8605 /* Info.plist */ = {isa = PBXFileReference; lastKnownFileType = text.plist.xml; path = Info.plist; sourceTree = "<group>"; };
		49B4AE0F2678ED0900DE8605 /* FontDemoUITests.xctest */ = {isa = PBXFileReference; explicitFileType = wrapper.cfbundle; includeInIndex = 0; path = FontDemoUITests.xctest; sourceTree = BUILT_PRODUCTS_DIR; };
		49B4AE132678ED0900DE8605 /* FontDemoUITests.swift */ = {isa = PBXFileReference; lastKnownFileType = sourcecode.swift; path = FontDemoUITests.swift; sourceTree = "<group>"; };
		49B4AE152678ED0900DE8605 /* Info.plist */ = {isa = PBXFileReference; lastKnownFileType = text.plist.xml; path = Info.plist; sourceTree = "<group>"; };
		49B4AE292678ED3400DE8605 /* OpenSans-SemiBold.ttf */ = {isa = PBXFileReference; lastKnownFileType = file; path = "OpenSans-SemiBold.ttf"; sourceTree = "<group>"; };
		49B4AE2A2678ED3400DE8605 /* OpenSans-Light.ttf */ = {isa = PBXFileReference; lastKnownFileType = file; path = "OpenSans-Light.ttf"; sourceTree = "<group>"; };
		49B4AE2B2678ED3400DE8605 /* OpenSans-Italic.ttf */ = {isa = PBXFileReference; lastKnownFileType = file; path = "OpenSans-Italic.ttf"; sourceTree = "<group>"; };
		49B4AE2C2678ED3400DE8605 /* OpenSans-ExtraBold.ttf */ = {isa = PBXFileReference; lastKnownFileType = file; path = "OpenSans-ExtraBold.ttf"; sourceTree = "<group>"; };
		49B4AE2D2678ED3400DE8605 /* OpenSans-LightItalic.ttf */ = {isa = PBXFileReference; lastKnownFileType = file; path = "OpenSans-LightItalic.ttf"; sourceTree = "<group>"; };
		49B4AE2E2678ED3400DE8605 /* OpenSans-Bold.ttf */ = {isa = PBXFileReference; lastKnownFileType = file; path = "OpenSans-Bold.ttf"; sourceTree = "<group>"; };
		49B4AE2F2678ED3400DE8605 /* OpenSans-SemiBoldItalic.ttf */ = {isa = PBXFileReference; lastKnownFileType = file; path = "OpenSans-SemiBoldItalic.ttf"; sourceTree = "<group>"; };
		49B4AE302678ED3400DE8605 /* OpenSans-ExtraBoldItalic.ttf */ = {isa = PBXFileReference; lastKnownFileType = file; path = "OpenSans-ExtraBoldItalic.ttf"; sourceTree = "<group>"; };
		49B4AE312678ED3400DE8605 /* LICENSE.txt */ = {isa = PBXFileReference; fileEncoding = 4; lastKnownFileType = text; path = LICENSE.txt; sourceTree = "<group>"; };
		49B4AE322678ED3400DE8605 /* OpenSans-Regular.ttf */ = {isa = PBXFileReference; lastKnownFileType = file; path = "OpenSans-Regular.ttf"; sourceTree = "<group>"; };
		49B4AE332678ED3400DE8605 /* OpenSans-BoldItalic.ttf */ = {isa = PBXFileReference; lastKnownFileType = file; path = "OpenSans-BoldItalic.ttf"; sourceTree = "<group>"; };
		49B4AE422678F31300DE8605 /* Fonts.swift */ = {isa = PBXFileReference; lastKnownFileType = sourcecode.swift; path = Fonts.swift; sourceTree = "<group>"; };
/* End PBXFileReference section */

/* Begin PBXFrameworksBuildPhase section */
		49B4ADEB2678ED0700DE8605 /* Frameworks */ = {
			isa = PBXFrameworksBuildPhase;
			buildActionMask = 2147483647;
			files = (
				4917FCDE2679555C009C634E /* SnapKit in Frameworks */,
			);
			runOnlyForDeploymentPostprocessing = 0;
		};
		49B4AE012678ED0900DE8605 /* Frameworks */ = {
			isa = PBXFrameworksBuildPhase;
			buildActionMask = 2147483647;
			files = (
			);
			runOnlyForDeploymentPostprocessing = 0;
		};
		49B4AE0C2678ED0900DE8605 /* Frameworks */ = {
			isa = PBXFrameworksBuildPhase;
			buildActionMask = 2147483647;
			files = (
			);
			runOnlyForDeploymentPostprocessing = 0;
		};
/* End PBXFrameworksBuildPhase section */

/* Begin PBXGroup section */
		49B4ADE52678ED0700DE8605 = {
			isa = PBXGroup;
			children = (
				49B4ADF02678ED0700DE8605 /* FontDemo */,
				49B4AE072678ED0900DE8605 /* FontDemoTests */,
				49B4AE122678ED0900DE8605 /* FontDemoUITests */,
				49B4ADEF2678ED0700DE8605 /* Products */,
			);
			sourceTree = "<group>";
		};
		49B4ADEF2678ED0700DE8605 /* Products */ = {
			isa = PBXGroup;
			children = (
				49B4ADEE2678ED0700DE8605 /* FontDemo.app */,
				49B4AE042678ED0900DE8605 /* FontDemoTests.xctest */,
				49B4AE0F2678ED0900DE8605 /* FontDemoUITests.xctest */,
			);
			name = Products;
			sourceTree = "<group>";
		};
		49B4ADF02678ED0700DE8605 /* FontDemo */ = {
			isa = PBXGroup;
			children = (
				49B4AE242678ED1500DE8605 /* Fonts */,
				49B4ADF12678ED0700DE8605 /* AppDelegate.swift */,
				49B4ADF32678ED0700DE8605 /* SceneDelegate.swift */,
				49B4ADF52678ED0700DE8605 /* ViewController.swift */,
				4917FCE2267955AF009C634E /* ViewController+Constraints.swift */,
				49B4ADF72678ED0700DE8605 /* Main.storyboard */,
				49B4ADFA2678ED0900DE8605 /* Assets.xcassets */,
				49B4ADFC2678ED0900DE8605 /* LaunchScreen.storyboard */,
				49B4ADFF2678ED0900DE8605 /* Info.plist */,
			);
			path = FontDemo;
			sourceTree = "<group>";
		};
		49B4AE072678ED0900DE8605 /* FontDemoTests */ = {
			isa = PBXGroup;
			children = (
				49B4AE082678ED0900DE8605 /* FontDemoTests.swift */,
				49B4AE0A2678ED0900DE8605 /* Info.plist */,
			);
			path = FontDemoTests;
			sourceTree = "<group>";
		};
		49B4AE122678ED0900DE8605 /* FontDemoUITests */ = {
			isa = PBXGroup;
			children = (
				49B4AE132678ED0900DE8605 /* FontDemoUITests.swift */,
				49B4AE152678ED0900DE8605 /* Info.plist */,
			);
			path = FontDemoUITests;
			sourceTree = "<group>";
		};
		49B4AE242678ED1500DE8605 /* Fonts */ = {
			isa = PBXGroup;
			children = (
				49B4AE282678ED3400DE8605 /* Open_Sans */,
				49B4AE422678F31300DE8605 /* Fonts.swift */,
			);
			path = Fonts;
			sourceTree = "<group>";
		};
		49B4AE282678ED3400DE8605 /* Open_Sans */ = {
			isa = PBXGroup;
			children = (
				49B4AE292678ED3400DE8605 /* OpenSans-SemiBold.ttf */,
				49B4AE2A2678ED3400DE8605 /* OpenSans-Light.ttf */,
				49B4AE2B2678ED3400DE8605 /* OpenSans-Italic.ttf */,
				49B4AE2C2678ED3400DE8605 /* OpenSans-ExtraBold.ttf */,
				49B4AE2D2678ED3400DE8605 /* OpenSans-LightItalic.ttf */,
				49B4AE2E2678ED3400DE8605 /* OpenSans-Bold.ttf */,
				49B4AE2F2678ED3400DE8605 /* OpenSans-SemiBoldItalic.ttf */,
				49B4AE302678ED3400DE8605 /* OpenSans-ExtraBoldItalic.ttf */,
				49B4AE312678ED3400DE8605 /* LICENSE.txt */,
				49B4AE322678ED3400DE8605 /* OpenSans-Regular.ttf */,
				49B4AE332678ED3400DE8605 /* OpenSans-BoldItalic.ttf */,
			);
			path = Open_Sans;
			sourceTree = "<group>";
		};
/* End PBXGroup section */

/* Begin PBXNativeTarget section */
		49B4ADED2678ED0700DE8605 /* FontDemo */ = {
			isa = PBXNativeTarget;
			buildConfigurationList = 49B4AE182678ED0900DE8605 /* Build configuration list for PBXNativeTarget "FontDemo" */;
			buildPhases = (
				49B4ADEA2678ED0700DE8605 /* Sources */,
				49B4ADEB2678ED0700DE8605 /* Frameworks */,
				49B4ADEC2678ED0700DE8605 /* Resources */,
			);
			buildRules = (
			);
			dependencies = (
			);
			name = FontDemo;
			packageProductDependencies = (
				4917FCDD2679555C009C634E /* SnapKit */,
			);
			productName = FontDemo;
			productReference = 49B4ADEE2678ED0700DE8605 /* FontDemo.app */;
			productType = "com.apple.product-type.application";
		};
		49B4AE032678ED0900DE8605 /* FontDemoTests */ = {
			isa = PBXNativeTarget;
			buildConfigurationList = 49B4AE1B2678ED0900DE8605 /* Build configuration list for PBXNativeTarget "FontDemoTests" */;
			buildPhases = (
				49B4AE002678ED0900DE8605 /* Sources */,
				49B4AE012678ED0900DE8605 /* Frameworks */,
				49B4AE022678ED0900DE8605 /* Resources */,
			);
			buildRules = (
			);
			dependencies = (
				49B4AE062678ED0900DE8605 /* PBXTargetDependency */,
			);
			name = FontDemoTests;
			productName = FontDemoTests;
			productReference = 49B4AE042678ED0900DE8605 /* FontDemoTests.xctest */;
			productType = "com.apple.product-type.bundle.unit-test";
		};
		49B4AE0E2678ED0900DE8605 /* FontDemoUITests */ = {
			isa = PBXNativeTarget;
			buildConfigurationList = 49B4AE1E2678ED0900DE8605 /* Build configuration list for PBXNativeTarget "FontDemoUITests" */;
			buildPhases = (
				49B4AE0B2678ED0900DE8605 /* Sources */,
				49B4AE0C2678ED0900DE8605 /* Frameworks */,
				49B4AE0D2678ED0900DE8605 /* Resources */,
			);
			buildRules = (
			);
			dependencies = (
				49B4AE112678ED0900DE8605 /* PBXTargetDependency */,
			);
			name = FontDemoUITests;
			productName = FontDemoUITests;
			productReference = 49B4AE0F2678ED0900DE8605 /* FontDemoUITests.xctest */;
			productType = "com.apple.product-type.bundle.ui-testing";
		};
/* End PBXNativeTarget section */

/* Begin PBXProject section */
		49B4ADE62678ED0700DE8605 /* Project object */ = {
			isa = PBXProject;
			attributes = {
				LastSwiftUpdateCheck = 1240;
				LastUpgradeCheck = 1240;
				TargetAttributes = {
					49B4ADED2678ED0700DE8605 = {
						CreatedOnToolsVersion = 12.4;
					};
					49B4AE032678ED0900DE8605 = {
						CreatedOnToolsVersion = 12.4;
						TestTargetID = 49B4ADED2678ED0700DE8605;
					};
					49B4AE0E2678ED0900DE8605 = {
						CreatedOnToolsVersion = 12.4;
						TestTargetID = 49B4ADED2678ED0700DE8605;
					};
				};
			};
			buildConfigurationList = 49B4ADE92678ED0700DE8605 /* Build configuration list for PBXProject "FontDemo" */;
			compatibilityVersion = "Xcode 9.3";
			developmentRegion = en;
			hasScannedForEncodings = 0;
			knownRegions = (
				en,
				Base,
			);
			mainGroup = 49B4ADE52678ED0700DE8605;
			packageReferences = (
				4917FCDC2679555C009C634E /* XCRemoteSwiftPackageReference "SnapKit" */,
			);
			productRefGroup = 49B4ADEF2678ED0700DE8605 /* Products */;
			projectDirPath = "";
			projectRoot = "";
			targets = (
				49B4ADED2678ED0700DE8605 /* FontDemo */,
				49B4AE032678ED0900DE8605 /* FontDemoTests */,
				49B4AE0E2678ED0900DE8605 /* FontDemoUITests */,
			);
		};
/* End PBXProject section */

/* Begin PBXResourcesBuildPhase section */
		49B4ADEC2678ED0700DE8605 /* Resources */ = {
			isa = PBXResourcesBuildPhase;
			buildActionMask = 2147483647;
			files = (
				49B4AE3C2678ED3400DE8605 /* LICENSE.txt in Resources */,
				49B4AE342678ED3400DE8605 /* OpenSans-SemiBold.ttf in Resources */,
				49B4ADFE2678ED0900DE8605 /* LaunchScreen.storyboard in Resources */,
				49B4AE372678ED3400DE8605 /* OpenSans-ExtraBold.ttf in Resources */,
				49B4ADFB2678ED0900DE8605 /* Assets.xcassets in Resources */,
				49B4AE3A2678ED3400DE8605 /* OpenSans-SemiBoldItalic.ttf in Resources */,
				49B4AE362678ED3400DE8605 /* OpenSans-Italic.ttf in Resources */,
				49B4AE392678ED3400DE8605 /* OpenSans-Bold.ttf in Resources */,
				49B4AE352678ED3400DE8605 /* OpenSans-Light.ttf in Resources */,
				49B4AE382678ED3400DE8605 /* OpenSans-LightItalic.ttf in Resources */,
				49B4AE3E2678ED3400DE8605 /* OpenSans-BoldItalic.ttf in Resources */,
				49B4AE3B2678ED3400DE8605 /* OpenSans-ExtraBoldItalic.ttf in Resources */,
				49B4AE3D2678ED3400DE8605 /* OpenSans-Regular.ttf in Resources */,
				49B4ADF92678ED0700DE8605 /* Main.storyboard in Resources */,
			);
			runOnlyForDeploymentPostprocessing = 0;
		};
		49B4AE022678ED0900DE8605 /* Resources */ = {
			isa = PBXResourcesBuildPhase;
			buildActionMask = 2147483647;
			files = (
			);
			runOnlyForDeploymentPostprocessing = 0;
		};
		49B4AE0D2678ED0900DE8605 /* Resources */ = {
			isa = PBXResourcesBuildPhase;
			buildActionMask = 2147483647;
			files = (
			);
			runOnlyForDeploymentPostprocessing = 0;
		};
/* End PBXResourcesBuildPhase section */

/* Begin PBXSourcesBuildPhase section */
		49B4ADEA2678ED0700DE8605 /* Sources */ = {
			isa = PBXSourcesBuildPhase;
			buildActionMask = 2147483647;
			files = (
				49B4AE432678F31300DE8605 /* Fonts.swift in Sources */,
				49B4ADF62678ED0700DE8605 /* ViewController.swift in Sources */,
				49B4ADF22678ED0700DE8605 /* AppDelegate.swift in Sources */,
				4917FCE3267955AF009C634E /* ViewController+Constraints.swift in Sources */,
				49B4ADF42678ED0700DE8605 /* SceneDelegate.swift in Sources */,
			);
			runOnlyForDeploymentPostprocessing = 0;
		};
		49B4AE002678ED0900DE8605 /* Sources */ = {
			isa = PBXSourcesBuildPhase;
			buildActionMask = 2147483647;
			files = (
				49B4AE092678ED0900DE8605 /* FontDemoTests.swift in Sources */,
			);
			runOnlyForDeploymentPostprocessing = 0;
		};
		49B4AE0B2678ED0900DE8605 /* Sources */ = {
			isa = PBXSourcesBuildPhase;
			buildActionMask = 2147483647;
			files = (
				49B4AE142678ED0900DE8605 /* FontDemoUITests.swift in Sources */,
			);
			runOnlyForDeploymentPostprocessing = 0;
		};
/* End PBXSourcesBuildPhase section */

/* Begin PBXTargetDependency section */
		49B4AE062678ED0900DE8605 /* PBXTargetDependency */ = {
			isa = PBXTargetDependency;
			target = 49B4ADED2678ED0700DE8605 /* FontDemo */;
			targetProxy = 49B4AE052678ED0900DE8605 /* PBXContainerItemProxy */;
		};
		49B4AE112678ED0900DE8605 /* PBXTargetDependency */ = {
			isa = PBXTargetDependency;
			target = 49B4ADED2678ED0700DE8605 /* FontDemo */;
			targetProxy = 49B4AE102678ED0900DE8605 /* PBXContainerItemProxy */;
		};
/* End PBXTargetDependency section */

/* Begin PBXVariantGroup section */
		49B4ADF72678ED0700DE8605 /* Main.storyboard */ = {
			isa = PBXVariantGroup;
			children = (
				49B4ADF82678ED0700DE8605 /* Base */,
			);
			name = Main.storyboard;
			sourceTree = "<group>";
		};
		49B4ADFC2678ED0900DE8605 /* LaunchScreen.storyboard */ = {
			isa = PBXVariantGroup;
			children = (
				49B4ADFD2678ED0900DE8605 /* Base */,
			);
			name = LaunchScreen.storyboard;
			sourceTree = "<group>";
		};
/* End PBXVariantGroup section */

/* Begin XCBuildConfiguration section */
		49B4AE162678ED0900DE8605 /* Debug */ = {
			isa = XCBuildConfiguration;
			buildSettings = {
				ALWAYS_SEARCH_USER_PATHS = NO;
				CLANG_ANALYZER_NONNULL = YES;
				CLANG_ANALYZER_NUMBER_OBJECT_CONVERSION = YES_AGGRESSIVE;
				CLANG_CXX_LANGUAGE_STANDARD = "gnu++14";
				CLANG_CXX_LIBRARY = "libc++";
				CLANG_ENABLE_MODULES = YES;
				CLANG_ENABLE_OBJC_ARC = YES;
				CLANG_ENABLE_OBJC_WEAK = YES;
				CLANG_WARN_BLOCK_CAPTURE_AUTORELEASING = YES;
				CLANG_WARN_BOOL_CONVERSION = YES;
				CLANG_WARN_COMMA = YES;
				CLANG_WARN_CONSTANT_CONVERSION = YES;
				CLANG_WARN_DEPRECATED_OBJC_IMPLEMENTATIONS = YES;
				CLANG_WARN_DIRECT_OBJC_ISA_USAGE = YES_ERROR;
				CLANG_WARN_DOCUMENTATION_COMMENTS = YES;
				CLANG_WARN_EMPTY_BODY = YES;
				CLANG_WARN_ENUM_CONVERSION = YES;
				CLANG_WARN_INFINITE_RECURSION = YES;
				CLANG_WARN_INT_CONVERSION = YES;
				CLANG_WARN_NON_LITERAL_NULL_CONVERSION = YES;
				CLANG_WARN_OBJC_IMPLICIT_RETAIN_SELF = YES;
				CLANG_WARN_OBJC_LITERAL_CONVERSION = YES;
				CLANG_WARN_OBJC_ROOT_CLASS = YES_ERROR;
				CLANG_WARN_QUOTED_INCLUDE_IN_FRAMEWORK_HEADER = YES;
				CLANG_WARN_RANGE_LOOP_ANALYSIS = YES;
				CLANG_WARN_STRICT_PROTOTYPES = YES;
				CLANG_WARN_SUSPICIOUS_MOVE = YES;
				CLANG_WARN_UNGUARDED_AVAILABILITY = YES_AGGRESSIVE;
				CLANG_WARN_UNREACHABLE_CODE = YES;
				CLANG_WARN__DUPLICATE_METHOD_MATCH = YES;
				COPY_PHASE_STRIP = NO;
				DEBUG_INFORMATION_FORMAT = dwarf;
				ENABLE_STRICT_OBJC_MSGSEND = YES;
				ENABLE_TESTABILITY = YES;
				GCC_C_LANGUAGE_STANDARD = gnu11;
				GCC_DYNAMIC_NO_PIC = NO;
				GCC_NO_COMMON_BLOCKS = YES;
				GCC_OPTIMIZATION_LEVEL = 0;
				GCC_PREPROCESSOR_DEFINITIONS = (
					"DEBUG=1",
					"$(inherited)",
				);
				GCC_WARN_64_TO_32_BIT_CONVERSION = YES;
				GCC_WARN_ABOUT_RETURN_TYPE = YES_ERROR;
				GCC_WARN_UNDECLARED_SELECTOR = YES;
				GCC_WARN_UNINITIALIZED_AUTOS = YES_AGGRESSIVE;
				GCC_WARN_UNUSED_FUNCTION = YES;
				GCC_WARN_UNUSED_VARIABLE = YES;
				IPHONEOS_DEPLOYMENT_TARGET = 14.4;
				MTL_ENABLE_DEBUG_INFO = INCLUDE_SOURCE;
				MTL_FAST_MATH = YES;
				ONLY_ACTIVE_ARCH = YES;
				SDKROOT = iphoneos;
				SWIFT_ACTIVE_COMPILATION_CONDITIONS = DEBUG;
				SWIFT_OPTIMIZATION_LEVEL = "-Onone";
			};
			name = Debug;
		};
		49B4AE172678ED0900DE8605 /* Release */ = {
			isa = XCBuildConfiguration;
			buildSettings = {
				ALWAYS_SEARCH_USER_PATHS = NO;
				CLANG_ANALYZER_NONNULL = YES;
				CLANG_ANALYZER_NUMBER_OBJECT_CONVERSION = YES_AGGRESSIVE;
				CLANG_CXX_LANGUAGE_STANDARD = "gnu++14";
				CLANG_CXX_LIBRARY = "libc++";
				CLANG_ENABLE_MODULES = YES;
				CLANG_ENABLE_OBJC_ARC = YES;
				CLANG_ENABLE_OBJC_WEAK = YES;
				CLANG_WARN_BLOCK_CAPTURE_AUTORELEASING = YES;
				CLANG_WARN_BOOL_CONVERSION = YES;
				CLANG_WARN_COMMA = YES;
				CLANG_WARN_CONSTANT_CONVERSION = YES;
				CLANG_WARN_DEPRECATED_OBJC_IMPLEMENTATIONS = YES;
				CLANG_WARN_DIRECT_OBJC_ISA_USAGE = YES_ERROR;
				CLANG_WARN_DOCUMENTATION_COMMENTS = YES;
				CLANG_WARN_EMPTY_BODY = YES;
				CLANG_WARN_ENUM_CONVERSION = YES;
				CLANG_WARN_INFINITE_RECURSION = YES;
				CLANG_WARN_INT_CONVERSION = YES;
				CLANG_WARN_NON_LITERAL_NULL_CONVERSION = YES;
				CLANG_WARN_OBJC_IMPLICIT_RETAIN_SELF = YES;
				CLANG_WARN_OBJC_LITERAL_CONVERSION = YES;
				CLANG_WARN_OBJC_ROOT_CLASS = YES_ERROR;
				CLANG_WARN_QUOTED_INCLUDE_IN_FRAMEWORK_HEADER = YES;
				CLANG_WARN_RANGE_LOOP_ANALYSIS = YES;
				CLANG_WARN_STRICT_PROTOTYPES = YES;
				CLANG_WARN_SUSPICIOUS_MOVE = YES;
				CLANG_WARN_UNGUARDED_AVAILABILITY = YES_AGGRESSIVE;
				CLANG_WARN_UNREACHABLE_CODE = YES;
				CLANG_WARN__DUPLICATE_METHOD_MATCH = YES;
				COPY_PHASE_STRIP = NO;
				DEBUG_INFORMATION_FORMAT = "dwarf-with-dsym";
				ENABLE_NS_ASSERTIONS = NO;
				ENABLE_STRICT_OBJC_MSGSEND = YES;
				GCC_C_LANGUAGE_STANDARD = gnu11;
				GCC_NO_COMMON_BLOCKS = YES;
				GCC_WARN_64_TO_32_BIT_CONVERSION = YES;
				GCC_WARN_ABOUT_RETURN_TYPE = YES_ERROR;
				GCC_WARN_UNDECLARED_SELECTOR = YES;
				GCC_WARN_UNINITIALIZED_AUTOS = YES_AGGRESSIVE;
				GCC_WARN_UNUSED_FUNCTION = YES;
				GCC_WARN_UNUSED_VARIABLE = YES;
				IPHONEOS_DEPLOYMENT_TARGET = 14.4;
				MTL_ENABLE_DEBUG_INFO = NO;
				MTL_FAST_MATH = YES;
				SDKROOT = iphoneos;
				SWIFT_COMPILATION_MODE = wholemodule;
				SWIFT_OPTIMIZATION_LEVEL = "-O";
				VALIDATE_PRODUCT = YES;
			};
			name = Release;
		};
		49B4AE192678ED0900DE8605 /* Debug */ = {
			isa = XCBuildConfiguration;
			buildSettings = {
				ASSETCATALOG_COMPILER_APPICON_NAME = AppIcon;
				ASSETCATALOG_COMPILER_GLOBAL_ACCENT_COLOR_NAME = AccentColor;
				CODE_SIGN_STYLE = Automatic;
				DEVELOPMENT_TEAM = 4UDDXWCBX9;
				INFOPLIST_FILE = FontDemo/Info.plist;
				LD_RUNPATH_SEARCH_PATHS = (
					"$(inherited)",
					"@executable_path/Frameworks",
				);
				PRODUCT_BUNDLE_IDENTIFIER = ajs.FontDemo;
				PRODUCT_NAME = "$(TARGET_NAME)";
				SWIFT_VERSION = 5.0;
				TARGETED_DEVICE_FAMILY = "1,2";
			};
			name = Debug;
		};
		49B4AE1A2678ED0900DE8605 /* Release */ = {
			isa = XCBuildConfiguration;
			buildSettings = {
				ASSETCATALOG_COMPILER_APPICON_NAME = AppIcon;
				ASSETCATALOG_COMPILER_GLOBAL_ACCENT_COLOR_NAME = AccentColor;
				CODE_SIGN_STYLE = Automatic;
				DEVELOPMENT_TEAM = 4UDDXWCBX9;
				INFOPLIST_FILE = FontDemo/Info.plist;
				LD_RUNPATH_SEARCH_PATHS = (
					"$(inherited)",
					"@executable_path/Frameworks",
				);
				PRODUCT_BUNDLE_IDENTIFIER = ajs.FontDemo;
				PRODUCT_NAME = "$(TARGET_NAME)";
				SWIFT_VERSION = 5.0;
				TARGETED_DEVICE_FAMILY = "1,2";
			};
			name = Release;
		};
		49B4AE1C2678ED0900DE8605 /* Debug */ = {
			isa = XCBuildConfiguration;
			buildSettings = {
				ALWAYS_EMBED_SWIFT_STANDARD_LIBRARIES = YES;
				BUNDLE_LOADER = "$(TEST_HOST)";
				CODE_SIGN_STYLE = Automatic;
				DEVELOPMENT_TEAM = 4UDDXWCBX9;
				INFOPLIST_FILE = FontDemoTests/Info.plist;
				IPHONEOS_DEPLOYMENT_TARGET = 14.4;
				LD_RUNPATH_SEARCH_PATHS = (
					"$(inherited)",
					"@executable_path/Frameworks",
					"@loader_path/Frameworks",
				);
				PRODUCT_BUNDLE_IDENTIFIER = ajs.FontDemoTests;
				PRODUCT_NAME = "$(TARGET_NAME)";
				SWIFT_VERSION = 5.0;
				TARGETED_DEVICE_FAMILY = "1,2";
				TEST_HOST = "$(BUILT_PRODUCTS_DIR)/FontDemo.app/FontDemo";
			};
			name = Debug;
		};
		49B4AE1D2678ED0900DE8605 /* Release */ = {
			isa = XCBuildConfiguration;
			buildSettings = {
				ALWAYS_EMBED_SWIFT_STANDARD_LIBRARIES = YES;
				BUNDLE_LOADER = "$(TEST_HOST)";
				CODE_SIGN_STYLE = Automatic;
				DEVELOPMENT_TEAM = 4UDDXWCBX9;
				INFOPLIST_FILE = FontDemoTests/Info.plist;
				IPHONEOS_DEPLOYMENT_TARGET = 14.4;
				LD_RUNPATH_SEARCH_PATHS = (
					"$(inherited)",
					"@executable_path/Frameworks",
					"@loader_path/Frameworks",
				);
				PRODUCT_BUNDLE_IDENTIFIER = ajs.FontDemoTests;
				PRODUCT_NAME = "$(TARGET_NAME)";
				SWIFT_VERSION = 5.0;
				TARGETED_DEVICE_FAMILY = "1,2";
				TEST_HOST = "$(BUILT_PRODUCTS_DIR)/FontDemo.app/FontDemo";
			};
			name = Release;
		};
		49B4AE1F2678ED0900DE8605 /* Debug */ = {
			isa = XCBuildConfiguration;
			buildSettings = {
				ALWAYS_EMBED_SWIFT_STANDARD_LIBRARIES = YES;
				CODE_SIGN_STYLE = Automatic;
				DEVELOPMENT_TEAM = 4UDDXWCBX9;
				INFOPLIST_FILE = FontDemoUITests/Info.plist;
				LD_RUNPATH_SEARCH_PATHS = (
					"$(inherited)",
					"@executable_path/Frameworks",
					"@loader_path/Frameworks",
				);
				PRODUCT_BUNDLE_IDENTIFIER = ajs.FontDemoUITests;
				PRODUCT_NAME = "$(TARGET_NAME)";
				SWIFT_VERSION = 5.0;
				TARGETED_DEVICE_FAMILY = "1,2";
				TEST_TARGET_NAME = FontDemo;
			};
			name = Debug;
		};
		49B4AE202678ED0900DE8605 /* Release */ = {
			isa = XCBuildConfiguration;
			buildSettings = {
				ALWAYS_EMBED_SWIFT_STANDARD_LIBRARIES = YES;
				CODE_SIGN_STYLE = Automatic;
				DEVELOPMENT_TEAM = 4UDDXWCBX9;
				INFOPLIST_FILE = FontDemoUITests/Info.plist;
				LD_RUNPATH_SEARCH_PATHS = (
					"$(inherited)",
					"@executable_path/Frameworks",
					"@loader_path/Frameworks",
				);
				PRODUCT_BUNDLE_IDENTIFIER = ajs.FontDemoUITests;
				PRODUCT_NAME = "$(TARGET_NAME)";
				SWIFT_VERSION = 5.0;
				TARGETED_DEVICE_FAMILY = "1,2";
				TEST_TARGET_NAME = FontDemo;
			};
			name = Release;
		};
/* End XCBuildConfiguration section */

/* Begin XCConfigurationList section */
		49B4ADE92678ED0700DE8605 /* Build configuration list for PBXProject "FontDemo" */ = {
			isa = XCConfigurationList;
			buildConfigurations = (
				49B4AE162678ED0900DE8605 /* Debug */,
				49B4AE172678ED0900DE8605 /* Release */,
			);
			defaultConfigurationIsVisible = 0;
			defaultConfigurationName = Release;
		};
		49B4AE182678ED0900DE8605 /* Build configuration list for PBXNativeTarget "FontDemo" */ = {
			isa = XCConfigurationList;
			buildConfigurations = (
				49B4AE192678ED0900DE8605 /* Debug */,
				49B4AE1A2678ED0900DE8605 /* Release */,
			);
			defaultConfigurationIsVisible = 0;
			defaultConfigurationName = Release;
		};
		49B4AE1B2678ED0900DE8605 /* Build configuration list for PBXNativeTarget "FontDemoTests" */ = {
			isa = XCConfigurationList;
			buildConfigurations = (
				49B4AE1C2678ED0900DE8605 /* Debug */,
				49B4AE1D2678ED0900DE8605 /* Release */,
			);
			defaultConfigurationIsVisible = 0;
			defaultConfigurationName = Release;
		};
		49B4AE1E2678ED0900DE8605 /* Build configuration list for PBXNativeTarget "FontDemoUITests" */ = {
			isa = XCConfigurationList;
			buildConfigurations = (
				49B4AE1F2678ED0900DE8605 /* Debug */,
				49B4AE202678ED0900DE8605 /* Release */,
			);
			defaultConfigurationIsVisible = 0;
			defaultConfigurationName = Release;
		};
/* End XCConfigurationList section */

/* Begin XCRemoteSwiftPackageReference section */
		4917FCDC2679555C009C634E /* XCRemoteSwiftPackageReference "SnapKit" */ = {
			isa = XCRemoteSwiftPackageReference;
			repositoryURL = "https://github.com/SnapKit/SnapKit";
			requirement = {
				kind = upToNextMajorVersion;
				minimumVersion = 5.0.1;
			};
		};
/* End XCRemoteSwiftPackageReference section */

/* Begin XCSwiftPackageProductDependency section */
		4917FCDD2679555C009C634E /* SnapKit */ = {
			isa = XCSwiftPackageProductDependency;
			package = 4917FCDC2679555C009C634E /* XCRemoteSwiftPackageReference "SnapKit" */;
			productName = SnapKit;
		};
/* End XCSwiftPackageProductDependency section */
	};
	rootObject = 49B4ADE62678ED0700DE8605 /* Project object */;
}
